
Microsoft Visual Studio Solution File, Format Version 12.00
# Visual Studio Version 16
VisualStudioVersion = 16.0.31019.35
MinimumVisualStudioVersion = 10.0.40219.1
Project("{9A19103F-16F7-4668-BE54-9A1E7A4F7556}") = "BoggleSolver.Lib", "BoggleSolver.Lib\BoggleSolver.Lib.csproj", "{149F02A2-D038-40E6-B3A0-BACF805B4E2E}"
EndProject
Project("{FAE04EC0-301F-11D3-BF4B-00C04F79EFBC}") = "BoggleSolver.UnitTests", "BoggleSolver.UnitTests\BoggleSolver.UnitTests.csproj", "{F3AAAA65-C2EB-4529-9B23-0FE49E4502F9}"
EndProject
Global
	GlobalSection(SolutionConfigurationPlatforms) = preSolution
		Debug|Any CPU = Debug|Any CPU
		Release|Any CPU = Release|Any CPU
	EndGlobalSection
	GlobalSection(ProjectConfigurationPlatforms) = postSolution
		{149F02A2-D038-40E6-B3A0-BACF805B4E2E}.Debug|Any CPU.ActiveCfg = Debug|Any CPU
		{149F02A2-D038-40E6-B3A0-BACF805B4E2E}.Debug|Any CPU.Build.0 = Debug|Any CPU
		{149F02A2-D038-40E6-B3A0-BACF805B4E2E}.Release|Any CPU.ActiveCfg = Release|Any CPU
		{149F02A2-D038-40E6-B3A0-BACF805B4E2E}.Release|Any CPU.Build.0 = Release|Any CPU
		{F3AAAA65-C2EB-4529-9B23-0FE49E4502F9}.Debug|Any CPU.ActiveCfg = Debug|Any CPU
		{F3AAAA65-C2EB-4529-9B23-0FE49E4502F9}.Debug|Any CPU.Build.0 = Debug|Any CPU
		{F3AAAA65-C2EB-4529-9B23-0FE49E4502F9}.Release|Any CPU.ActiveCfg = Release|Any CPU
		{F3AAAA65-C2EB-4529-9B23-0FE49E4502F9}.Release|Any CPU.Build.0 = Release|Any CPU
	EndGlobalSection
	GlobalSection(SolutionProperties) = preSolution
		HideSolutionNode = FALSE
	EndGlobalSection
	GlobalSection(ExtensibilityGlobals) = postSolution
		SolutionGuid = {3E2D74F1-B9BA-4FC0-9E4A-7C5AFF865B00}
	EndGlobalSection
EndGlobal
